
Microsoft Visual Studio Solution File, Format Version 12.00
# Visual Studio 15
VisualStudioVersion = 15.0.28010.2003
MinimumVisualStudioVersion = 10.0.40219.1
Project("{9A19103F-16F7-4668-BE54-9A1E7A4F7556}") = "IdentityServerQuickStart", "IdentityServerQuickStart\IdentityServerQuickStart.csproj", "{BD1DE4FE-ED28-461A-8438-4B793715FA07}"
EndProject
Project("{9A19103F-16F7-4668-BE54-9A1E7A4F7556}") = "API", "API\API.csproj", "{D266F5E3-90B5-44A6-A5B2-19DC64D9BB9E}"
EndProject
Project("{9A19103F-16F7-4668-BE54-9A1E7A4F7556}") = "Client", "Client\Client.csproj", "{A3BCFBAF-551D-4540-8F09-FF7E8D08AA29}"
EndProject
Project("{9A19103F-16F7-4668-BE54-9A1E7A4F7556}") = "MVCClient", "MVCClient\MVCClient.csproj", "{13CAF40E-CFDC-4516-8B00-8C2FAD4728CF}"
EndProject
Project("{9A19103F-16F7-4668-BE54-9A1E7A4F7556}") = "IdentityServerWithAspNetIdentity", "IdentityServerWithAspNetIdentity\IdentityServerWithAspNetIdentity.csproj", "{0F79A24C-3716-4B66-8535-F644224DA81F}"
EndProject
Project("{FAE04EC0-301F-11D3-BF4B-00C04F79EFBC}") = "IdentityServer2.0", "IdentityServer2.0\IdentityServer2.0.csproj", "{C5B7A1D7-A3E2-4D21-B2EC-3EEB40B6D179}"
EndProject
Global
	GlobalSection(SolutionConfigurationPlatforms) = preSolution
		Debug|Any CPU = Debug|Any CPU
		Release|Any CPU = Release|Any CPU
	EndGlobalSection
	GlobalSection(ProjectConfigurationPlatforms) = postSolution
		{BD1DE4FE-ED28-461A-8438-4B793715FA07}.Debug|Any CPU.ActiveCfg = Debug|Any CPU
		{BD1DE4FE-ED28-461A-8438-4B793715FA07}.Debug|Any CPU.Build.0 = Debug|Any CPU
		{BD1DE4FE-ED28-461A-8438-4B793715FA07}.Release|Any CPU.ActiveCfg = Release|Any CPU
		{BD1DE4FE-ED28-461A-8438-4B793715FA07}.Release|Any CPU.Build.0 = Release|Any CPU
		{D266F5E3-90B5-44A6-A5B2-19DC64D9BB9E}.Debug|Any CPU.ActiveCfg = Debug|Any CPU
		{D266F5E3-90B5-44A6-A5B2-19DC64D9BB9E}.Debug|Any CPU.Build.0 = Debug|Any CPU
		{D266F5E3-90B5-44A6-A5B2-19DC64D9BB9E}.Release|Any CPU.ActiveCfg = Release|Any CPU
		{D266F5E3-90B5-44A6-A5B2-19DC64D9BB9E}.Release|Any CPU.Build.0 = Release|Any CPU
		{A3BCFBAF-551D-4540-8F09-FF7E8D08AA29}.Debug|Any CPU.ActiveCfg = Debug|Any CPU
		{A3BCFBAF-551D-4540-8F09-FF7E8D08AA29}.Debug|Any CPU.Build.0 = Debug|Any CPU
		{A3BCFBAF-551D-4540-8F09-FF7E8D08AA29}.Release|Any CPU.ActiveCfg = Release|Any CPU
		{A3BCFBAF-551D-4540-8F09-FF7E8D08AA29}.Release|Any CPU.Build.0 = Release|Any CPU
		{13CAF40E-CFDC-4516-8B00-8C2FAD4728CF}.Debug|Any CPU.ActiveCfg = Debug|Any CPU
		{13CAF40E-CFDC-4516-8B00-8C2FAD4728CF}.Debug|Any CPU.Build.0 = Debug|Any CPU
		{13CAF40E-CFDC-4516-8B00-8C2FAD4728CF}.Release|Any CPU.ActiveCfg = Release|Any CPU
		{13CAF40E-CFDC-4516-8B00-8C2FAD4728CF}.Release|Any CPU.Build.0 = Release|Any CPU
		{0F79A24C-3716-4B66-8535-F644224DA81F}.Debug|Any CPU.ActiveCfg = Debug|Any CPU
		{0F79A24C-3716-4B66-8535-F644224DA81F}.Debug|Any CPU.Build.0 = Debug|Any CPU
		{0F79A24C-3716-4B66-8535-F644224DA81F}.Release|Any CPU.ActiveCfg = Release|Any CPU
		{0F79A24C-3716-4B66-8535-F644224DA81F}.Release|Any CPU.Build.0 = Release|Any CPU
		{C5B7A1D7-A3E2-4D21-B2EC-3EEB40B6D179}.Debug|Any CPU.ActiveCfg = Debug|Any CPU
		{C5B7A1D7-A3E2-4D21-B2EC-3EEB40B6D179}.Debug|Any CPU.Build.0 = Debug|Any CPU
		{C5B7A1D7-A3E2-4D21-B2EC-3EEB40B6D179}.Release|Any CPU.ActiveCfg = Release|Any CPU
		{C5B7A1D7-A3E2-4D21-B2EC-3EEB40B6D179}.Release|Any CPU.Build.0 = Release|Any CPU
	EndGlobalSection
	GlobalSection(SolutionProperties) = preSolution
		HideSolutionNode = FALSE
	EndGlobalSection
	GlobalSection(ExtensibilityGlobals) = postSolution
		SolutionGuid = {42749DBE-BF3D-4576-B7CA-4B9F3AD3AEAC}
	EndGlobalSection
EndGlobal
